{
  "version": 4,
  "terraform_version": "1.14.3",
  "serial": 28,
  "lineage": "95d7ce9b-c8da-e33d-7e62-71eb609724b9",
  "outputs": {
    "lbs": {
      "value": {
        "my-lb1": [
          "158.160.200.17"
        ]
      },
      "type": [
        "object",
        {
          "my-lb1": [
            "tuple",
            [
              "string"
            ]
          ]
        }
      ]
    },
    "vms": {
      "value": {
        "vm0": "178.154.241.72",
        "vm1": "178.154.240.57"
      },
      "type": [
        "object",
        {
          "vm0": "string",
          "vm1": "string"
        }
      ]
    }
  },
  "resources": [
    {
      "mode": "managed",
      "type": "local_file",
      "name": "ansible_hosts",
      "provider": "provider[\"registry.terraform.io/hashicorp/local\"]",
      "instances": [
        {
          "schema_version": 0,
          "attributes": {
            "content": "[web]\nvm0 ansible_host=178.154.241.72 ansible_user=ubuntu\nvm1 ansible_host=178.154.240.57 ansible_user=ubuntu\n",
            "content_base64": null,
            "content_base64sha256": "hYSNKOgL6t8P+JWWpJdB7+dlXZLyCtidP6/mAwHZeWU=",
            "content_base64sha512": "n/+ACaUK+7k5OgwwPKwtT8kEXjhPzWul0uos+fyOBYcH3CLak1cMa+4QX+N43k2AVsL2GZCCCERoHEjRfmqR8A==",
            "content_md5": "ed90528d62974eed8bc82e8ba839e3e9",
            "content_sha1": "6b0de9de1846feedd415ea419905bf5f3c9b3ad7",
            "content_sha256": "85848d28e80beadf0ff89596a49741efe7655d92f20ad89d3fafe60301d97965",
            "content_sha512": "9fff8009a50afbb9393a0c303cac2d4fc9045e384fcd6ba5d2ea2cf9fc8e058707dc22da93570c6bee105fe378de4d8056c2f61990820844681c48d17e6a91f0",
            "directory_permission": "0777",
            "file_permission": "0777",
            "filename": "./hosts.ini",
            "id": "6b0de9de1846feedd415ea419905bf5f3c9b3ad7",
            "sensitive_content": null,
            "source": null
          },
          "sensitive_attributes": [
            [
              {
                "type": "get_attr",
                "value": "sensitive_content"
              }
            ]
          ],
          "identity_schema_version": 0,
          "dependencies": [
            "yandex_compute_instance.vm",
            "yandex_vpc_network.network1",
            "yandex_vpc_subnet.subnet1"
          ]
        }
      ]
    },
    {
      "mode": "managed",
      "type": "yandex_compute_instance",
      "name": "vm",
      "provider": "provider[\"registry.terraform.io/yandex-cloud/yandex\"]",
      "instances": [
        {
          "index_key": 0,
          "schema_version": 1,
          "attributes": {
            "allow_recreate": null,
            "allow_stopping_for_update": null,
            "boot_disk": [
              {
                "auto_delete": true,
                "device_name": "fhm016tssb99recqj0ko",
                "disk_id": "fhm016tssb99recqj0ko",
                "initialize_params": [
                  {
                    "block_size": 4096,
                    "description": "",
                    "image_id": "fd883qojk2a3hruf8p7m",
                    "kms_key_id": "",
                    "name": "",
                    "size": 10,
                    "snapshot_id": "",
                    "type": "network-hdd"
                  }
                ],
                "mode": "READ_WRITE"
              }
            ],
            "created_at": "2025-12-29T13:02:16Z",
            "description": "",
            "filesystem": [],
            "folder_id": "b1gmq7jclnbgs94c9kq1",
            "fqdn": "fhmuutrmd27gfe6r22bu.auto.internal",
            "gpu_cluster_id": "",
            "hardware_generation": [
              {
                "generation2_features": [],
                "legacy_features": [
                  {
                    "pci_topology": "PCI_TOPOLOGY_V2"
                  }
                ]
              }
            ],
            "hostname": "",
            "id": "fhmuutrmd27gfe6r22bu",
            "labels": null,
            "local_disk": [],
            "maintenance_grace_period": "",
            "maintenance_policy": null,
            "metadata": {
              "ssh-keys": "ubuntu:ssh-ed25519 AAAAC3NzaC1lZDI1NTE5AAAAIEGXmF+bPETnuyfiLzbWXALq5dTBZ49+TQp2mLG8MmsQ andrew@honor\n"
            },
            "metadata_options": [
              {
                "aws_v1_http_endpoint": 1,
                "aws_v1_http_token": 2,
                "gce_http_endpoint": 1,
                "gce_http_token": 1
              }
            ],
            "name": "vm0",
            "network_acceleration_type": "standard",
            "network_interface": [
              {
                "dns_record": [],
                "index": 0,
                "ip_address": "10.0.1.6",
                "ipv4": true,
                "ipv6": false,
                "ipv6_address": "",
                "ipv6_dns_record": [],
                "mac_address": "d0:0d:1e:f7:77:66",
                "nat": true,
                "nat_dns_record": [],
                "nat_ip_address": "178.154.241.72",
                "nat_ip_version": "IPV4",
                "security_group_ids": null,
                "subnet_id": "e9bua0tmr297dfb40b1n"
              }
            ],
            "placement_policy": [
              {
                "host_affinity_rules": [],
                "placement_group_id": "",
                "placement_group_partition": 0
              }
            ],
            "platform_id": "standard-v1",
            "resources": [
              {
                "core_fraction": 20,
                "cores": 2,
                "gpus": 0,
                "memory": 1
              }
            ],
            "scheduling_policy": [
              {
                "preemptible": true
              }
            ],
            "secondary_disk": [],
            "service_account_id": "",
            "status": "running",
            "timeouts": null,
            "zone": "ru-central1-a"
          },
          "sensitive_attributes": [],
          "identity_schema_version": 0,
          "private": "eyJlMmJmYjczMC1lY2FhLTExZTYtOGY4OC0zNDM2M2JjN2M0YzAiOnsiY3JlYXRlIjozMDAwMDAwMDAwMDAsImRlbGV0ZSI6MzAwMDAwMDAwMDAwLCJ1cGRhdGUiOjMwMDAwMDAwMDAwMH0sInNjaGVtYV92ZXJzaW9uIjoiMSJ9",
          "dependencies": [
            "yandex_vpc_network.network1",
            "yandex_vpc_subnet.subnet1"
          ]
        },
        {
          "index_key": 1,
          "schema_version": 1,
          "attributes": {
            "allow_recreate": null,
            "allow_stopping_for_update": null,
            "boot_disk": [
              {
                "auto_delete": true,
                "device_name": "fhmu31rdfo9ipgqd4guo",
                "disk_id": "fhmu31rdfo9ipgqd4guo",
                "initialize_params": [
                  {
                    "block_size": 4096,
                    "description": "",
                    "image_id": "fd883qojk2a3hruf8p7m",
                    "kms_key_id": "",
                    "name": "",
                    "size": 10,
                    "snapshot_id": "",
                    "type": "network-hdd"
                  }
                ],
                "mode": "READ_WRITE"
              }
            ],
            "created_at": "2025-12-29T13:02:16Z",
            "description": "",
            "filesystem": [],
            "folder_id": "b1gmq7jclnbgs94c9kq1",
            "fqdn": "fhma3ll42ktu75pkliab.auto.internal",
            "gpu_cluster_id": "",
            "hardware_generation": [
              {
                "generation2_features": [],
                "legacy_features": [
                  {
                    "pci_topology": "PCI_TOPOLOGY_V2"
                  }
                ]
              }
            ],
            "hostname": "",
            "id": "fhma3ll42ktu75pkliab",
            "labels": null,
            "local_disk": [],
            "maintenance_grace_period": "",
            "maintenance_policy": null,
            "metadata": {
              "ssh-keys": "ubuntu:ssh-ed25519 AAAAC3NzaC1lZDI1NTE5AAAAIEGXmF+bPETnuyfiLzbWXALq5dTBZ49+TQp2mLG8MmsQ andrew@honor\n"
            },
            "metadata_options": [
              {
                "aws_v1_http_endpoint": 1,
                "aws_v1_http_token": 2,
                "gce_http_endpoint": 1,
                "gce_http_token": 1
              }
            ],
            "name": "vm1",
            "network_acceleration_type": "standard",
            "network_interface": [
              {
                "dns_record": [],
                "index": 0,
                "ip_address": "10.0.1.21",
                "ipv4": true,
                "ipv6": false,
                "ipv6_address": "",
                "ipv6_dns_record": [],
                "mac_address": "d0:0d:a1:d6:a4:15",
                "nat": true,
                "nat_dns_record": [],
                "nat_ip_address": "178.154.240.57",
                "nat_ip_version": "IPV4",
                "security_group_ids": null,
                "subnet_id": "e9bua0tmr297dfb40b1n"
              }
            ],
            "placement_policy": [
              {
                "host_affinity_rules": [],
                "placement_group_id": "",
                "placement_group_partition": 0
              }
            ],
            "platform_id": "standard-v1",
            "resources": [
              {
                "core_fraction": 20,
                "cores": 2,
                "gpus": 0,
                "memory": 1
              }
            ],
            "scheduling_policy": [
              {
                "preemptible": true
              }
            ],
            "secondary_disk": [],
            "service_account_id": "",
            "status": "running",
            "timeouts": null,
            "zone": "ru-central1-a"
          },
          "sensitive_attributes": [],
          "identity_schema_version": 0,
          "private": "eyJlMmJmYjczMC1lY2FhLTExZTYtOGY4OC0zNDM2M2JjN2M0YzAiOnsiY3JlYXRlIjozMDAwMDAwMDAwMDAsImRlbGV0ZSI6MzAwMDAwMDAwMDAwLCJ1cGRhdGUiOjMwMDAwMDAwMDAwMH0sInNjaGVtYV92ZXJzaW9uIjoiMSJ9",
          "dependencies": [
            "yandex_vpc_network.network1",
            "yandex_vpc_subnet.subnet1"
          ]
        }
      ]
    },
    {
      "mode": "managed",
      "type": "yandex_lb_network_load_balancer",
      "name": "balancer1",
      "provider": "provider[\"registry.terraform.io/yandex-cloud/yandex\"]",
      "instances": [
        {
          "schema_version": 0,
          "attributes": {
            "allow_zonal_shift": false,
            "attached_target_group": [
              {
                "healthcheck": [
                  {
                    "healthy_threshold": 2,
                    "http_options": [
                      {
                        "path": "/",
                        "port": 80
                      }
                    ],
                    "interval": 2,
                    "name": "http",
                    "tcp_options": [],
                    "timeout": 1,
                    "unhealthy_threshold": 2
                  }
                ],
                "target_group_id": "enp3rfkq0oju04cu00t9"
              }
            ],
            "created_at": "2025-12-29T13:04:35Z",
            "deletion_protection": false,
            "description": "",
            "folder_id": "b1gmq7jclnbgs94c9kq1",
            "id": "enpaml0q664mi7vit3qj",
            "labels": null,
            "listener": [
              {
                "external_address_spec": [
                  {
                    "address": "158.160.200.17",
                    "ip_version": "ipv4"
                  }
                ],
                "internal_address_spec": [],
                "name": "my-lb1",
                "port": 80,
                "protocol": "tcp",
                "target_port": 80
              }
            ],
            "name": "balancer1",
            "region_id": "ru-central1",
            "timeouts": null,
            "type": "external"
          },
          "sensitive_attributes": [],
          "identity_schema_version": 0,
          "private": "eyJlMmJmYjczMC1lY2FhLTExZTYtOGY4OC0zNDM2M2JjN2M0YzAiOnsiY3JlYXRlIjozMDAwMDAwMDAwMDAsImRlbGV0ZSI6MzAwMDAwMDAwMDAwLCJ1cGRhdGUiOjMwMDAwMDAwMDAwMH19",
          "dependencies": [
            "yandex_compute_instance.vm",
            "yandex_lb_target_group.group1",
            "yandex_vpc_network.network1",
            "yandex_vpc_subnet.subnet1"
          ]
        }
      ]
    },
    {
      "mode": "managed",
      "type": "yandex_lb_target_group",
      "name": "group1",
      "provider": "provider[\"registry.terraform.io/yandex-cloud/yandex\"]",
      "instances": [
        {
          "schema_version": 1,
          "attributes": {
            "created_at": "2025-12-29T13:04:34Z",
            "description": "",
            "folder_id": "b1gmq7jclnbgs94c9kq1",
            "id": "enp3rfkq0oju04cu00t9",
            "labels": null,
            "name": "group1",
            "region_id": "ru-central1",
            "target": [
              {
                "address": "10.0.1.21",
                "subnet_id": "e9bua0tmr297dfb40b1n"
              },
              {
                "address": "10.0.1.6",
                "subnet_id": "e9bua0tmr297dfb40b1n"
              }
            ],
            "target_group_id": "enp3rfkq0oju04cu00t9",
            "timeouts": null
          },
          "sensitive_attributes": [],
          "identity_schema_version": 0,
          "dependencies": [
            "yandex_compute_instance.vm",
            "yandex_vpc_network.network1",
            "yandex_vpc_subnet.subnet1"
          ]
        }
      ]
    },
    {
      "mode": "managed",
      "type": "yandex_vpc_network",
      "name": "network1",
      "provider": "provider[\"registry.terraform.io/yandex-cloud/yandex\"]",
      "instances": [
        {
          "schema_version": 0,
          "attributes": {
            "created_at": "2025-12-29T13:02:13Z",
            "default_security_group_id": "enpkptr30bhmvlb8vmg9",
            "description": "",
            "folder_id": "b1gmq7jclnbgs94c9kq1",
            "id": "enp8bm0vfiboo46d17rh",
            "labels": {},
            "name": "network1",
            "subnet_ids": [],
            "timeouts": null
          },
          "sensitive_attributes": [],
          "identity_schema_version": 0,
          "private": "eyJlMmJmYjczMC1lY2FhLTExZTYtOGY4OC0zNDM2M2JjN2M0YzAiOnsiY3JlYXRlIjo2MDAwMDAwMDAwMCwiZGVsZXRlIjo2MDAwMDAwMDAwMCwidXBkYXRlIjo2MDAwMDAwMDAwMH19"
        }
      ]
    },
    {
      "mode": "managed",
      "type": "yandex_vpc_subnet",
      "name": "subnet1",
      "provider": "provider[\"registry.terraform.io/yandex-cloud/yandex\"]",
      "instances": [
        {
          "schema_version": 0,
          "attributes": {
            "created_at": "2025-12-29T13:02:15Z",
            "description": "",
            "dhcp_options": [],
            "folder_id": "b1gmq7jclnbgs94c9kq1",
            "id": "e9bua0tmr297dfb40b1n",
            "labels": {},
            "name": "subnet1",
            "network_id": "enp8bm0vfiboo46d17rh",
            "route_table_id": "",
            "timeouts": null,
            "v4_cidr_blocks": [
              "10.0.1.0/24"
            ],
            "v6_cidr_blocks": [],
            "zone": "ru-central1-a"
          },
          "sensitive_attributes": [],
          "identity_schema_version": 0,
          "private": "eyJlMmJmYjczMC1lY2FhLTExZTYtOGY4OC0zNDM2M2JjN2M0YzAiOnsiY3JlYXRlIjoxODAwMDAwMDAwMDAsImRlbGV0ZSI6MTgwMDAwMDAwMDAwLCJ1cGRhdGUiOjE4MDAwMDAwMDAwMH19",
          "dependencies": [
            "yandex_vpc_network.network1"
          ]
        }
      ]
    }
  ],
  "check_results": null
}
